Microsoft Visual Studio Solution File, Format Version 12.00
# Visual Studio Version 17
VisualStudioVersion = 17.5.2.0
MinimumVisualStudioVersion = 10.0.40219.1
Project("{2150E333-8FDC-42A3-9474-1A3956D46DE8}") = "src", "src", "{827E0CD3-B72D-47B6-A68D-7590B98EB39B}"
EndProject
Project("{2150E333-8FDC-42A3-9474-1A3956D46DE8}") = "tests", "tests", "{0AB3BF05-4346-4AA6-1389-037BE0695223}"
EndProject
Project("{FAE04EC0-301F-11D3-BF4B-00C04F79EFBC}") = "Prokudin.Cli", "src\Prokudin.Cli\Prokudin.Cli.csproj", "{11846212-19B6-C3B1-0A93-CD7CFF1EADDD}"
EndProject
Project("{FAE04EC0-301F-11D3-BF4B-00C04F79EFBC}") = "Prokudin.Core", "src\Prokudin.Core\Prokudin.Core.csproj", "{ED2BD4BE-DC73-5CE8-CAA1-96BD423E6CE6}"
EndProject
Project("{FAE04EC0-301F-11D3-BF4B-00C04F79EFBC}") = "Prokudin.Gui", "src\Prokudin.Gui\Prokudin.Gui.csproj", "{74D9936A-5804-82B7-D65C-3604496E060E}"
EndProject
Project("{FAE04EC0-301F-11D3-BF4B-00C04F79EFBC}") = "Prokudin.Core.Tests", "tests\Prokudin.Core.Tests\Prokudin.Core.Tests.csproj", "{0A2C9559-9407-216B-F527-0678F34D5886}"
EndProject
Global
	GlobalSection(SolutionConfigurationPlatforms) = preSolution
		Debug|Any CPU = Debug|Any CPU
		Release|Any CPU = Release|Any CPU
	EndGlobalSection
	GlobalSection(ProjectConfigurationPlatforms) = postSolution
		{11846212-19B6-C3B1-0A93-CD7CFF1EADDD}.Debug|Any CPU.ActiveCfg = Debug|Any CPU
		{11846212-19B6-C3B1-0A93-CD7CFF1EADDD}.Debug|Any CPU.Build.0 = Debug|Any CPU
		{11846212-19B6-C3B1-0A93-CD7CFF1EADDD}.Release|Any CPU.ActiveCfg = Release|Any CPU
		{11846212-19B6-C3B1-0A93-CD7CFF1EADDD}.Release|Any CPU.Build.0 = Release|Any CPU
		{ED2BD4BE-DC73-5CE8-CAA1-96BD423E6CE6}.Debug|Any CPU.ActiveCfg = Debug|Any CPU
		{ED2BD4BE-DC73-5CE8-CAA1-96BD423E6CE6}.Debug|Any CPU.Build.0 = Debug|Any CPU
		{ED2BD4BE-DC73-5CE8-CAA1-96BD423E6CE6}.Release|Any CPU.ActiveCfg = Release|Any CPU
		{ED2BD4BE-DC73-5CE8-CAA1-96BD423E6CE6}.Release|Any CPU.Build.0 = Release|Any CPU
		{74D9936A-5804-82B7-D65C-3604496E060E}.Debug|Any CPU.ActiveCfg = Debug|Any CPU
		{74D9936A-5804-82B7-D65C-3604496E060E}.Debug|Any CPU.Build.0 = Debug|Any CPU
		{74D9936A-5804-82B7-D65C-3604496E060E}.Release|Any CPU.ActiveCfg = Release|Any CPU
		{74D9936A-5804-82B7-D65C-3604496E060E}.Release|Any CPU.Build.0 = Release|Any CPU
		{0A2C9559-9407-216B-F527-0678F34D5886}.Debug|Any CPU.ActiveCfg = Debug|Any CPU
		{0A2C9559-9407-216B-F527-0678F34D5886}.Debug|Any CPU.Build.0 = Debug|Any CPU
		{0A2C9559-9407-216B-F527-0678F34D5886}.Release|Any CPU.ActiveCfg = Release|Any CPU
		{0A2C9559-9407-216B-F527-0678F34D5886}.Release|Any CPU.Build.0 = Release|Any CPU
	EndGlobalSection
	GlobalSection(SolutionProperties) = preSolution
		HideSolutionNode = FALSE
	EndGlobalSection
	GlobalSection(NestedProjects) = preSolution
		{11846212-19B6-C3B1-0A93-CD7CFF1EADDD} = {827E0CD3-B72D-47B6-A68D-7590B98EB39B}
		{ED2BD4BE-DC73-5CE8-CAA1-96BD423E6CE6} = {827E0CD3-B72D-47B6-A68D-7590B98EB39B}
		{74D9936A-5804-82B7-D65C-3604496E060E} = {827E0CD3-B72D-47B6-A68D-7590B98EB39B}
		{0A2C9559-9407-216B-F527-0678F34D5886} = {0AB3BF05-4346-4AA6-1389-037BE0695223}
	EndGlobalSection
	GlobalSection(ExtensibilityGlobals) = postSolution
		SolutionGuid = {A15AE2D1-BA53-4A13-9250-1038F739B03B}
	EndGlobalSection
EndGlobal
